
Microsoft Visual Studio Solution File, Format Version 12.00
# Visual Studio 14
VisualStudioVersion = 14.0.25420.1
MinimumVisualStudioVersion = 10.0.40219.1
Project("{FAE04EC0-301F-11D3-BF4B-00C04F79EFBC}") = "AkkaPrez.App", "src\AkkaPrez.App\AkkaPrez.App.csproj", "{AD7A03B1-CB2D-4CD5-824B-AA59DD3EDD51}"
EndProject
Project("{2150E333-8FDC-42A3-9474-1A3956D46DE8}") = "paket", "paket", "{9AB41759-EA49-4B19-BDC9-855D9BE5F02A}"
	ProjectSection(SolutionItems) = preProject
		paket.dependencies = paket.dependencies
	EndProjectSection
EndProject
Project("{F2A71F9B-5D33-465A-A702-920D77279786}") = "AkkaPrez.FMessages", "src\AkkaPrez.FMessages\AkkaPrez.FMessages.fsproj", "{6257ADC3-6CDD-4247-B217-DB255DCEE734}"
EndProject
Global
	GlobalSection(SolutionConfigurationPlatforms) = preSolution
		Debug|Any CPU = Debug|Any CPU
		Release|Any CPU = Release|Any CPU
	EndGlobalSection
	GlobalSection(ProjectConfigurationPlatforms) = postSolution
		{AD7A03B1-CB2D-4CD5-824B-AA59DD3EDD51}.Debug|Any CPU.ActiveCfg = Debug|Any CPU
		{AD7A03B1-CB2D-4CD5-824B-AA59DD3EDD51}.Debug|Any CPU.Build.0 = Debug|Any CPU
		{AD7A03B1-CB2D-4CD5-824B-AA59DD3EDD51}.Release|Any CPU.ActiveCfg = Release|Any CPU
		{AD7A03B1-CB2D-4CD5-824B-AA59DD3EDD51}.Release|Any CPU.Build.0 = Release|Any CPU
		{6257ADC3-6CDD-4247-B217-DB255DCEE734}.Debug|Any CPU.ActiveCfg = Debug|Any CPU
		{6257ADC3-6CDD-4247-B217-DB255DCEE734}.Debug|Any CPU.Build.0 = Debug|Any CPU
		{6257ADC3-6CDD-4247-B217-DB255DCEE734}.Release|Any CPU.ActiveCfg = Release|Any CPU
		{6257ADC3-6CDD-4247-B217-DB255DCEE734}.Release|Any CPU.Build.0 = Release|Any CPU
	EndGlobalSection
	GlobalSection(SolutionProperties) = preSolution
		HideSolutionNode = FALSE
	EndGlobalSection
EndGlobal
